version = 1
revision = 3
requires-python = "==3.12.*"

[[package]]
name = "cc-protocol-dev-tools"
version = "0.1.0"
source = { virtual = "." }
dependencies = [
    { name = "clang" },
    { name = "clang-format" },
    { name = "cmake-format" },
    { name = "jinja2" },
    { name = "pre-commit" },
    { name = "pyrefly" },
    { name = "pytest" },
    { name = "pyyaml" },
    { name = "ruff" },
    { name = "xyz-cppmodel" },
]

[package.metadata]
requires-dist = [
    { name = "clang", specifier = "<19.0.0" },
    { name = "clang-format", specifier = ">=22.1.4" },
    { name = "cmake-format", specifier = ">=0.6.13" },
    { name = "jinja2", specifier = ">=3.1.6" },
    { name = "pre-commit", specifier = ">=4.2.0" },
    { name = "pyrefly", specifier = ">=0.62.0" },
    { name = "pytest", specifier = ">=9.0.2" },
    { name = "pyyaml", specifier = ">=6.0.2" },
    { name = "ruff", specifier = ">=0.15.7" },
    { name = "xyz-cppmodel", git = "https://github.com/jbcoe/py_cppmodel.git?rev=eeb0921173dcde828eeb3940d1fdd4f64eaf7e6d" },
]

[[package]]
name = "cfgv"
version = "3.4.0"
source = { registry = "https://us-python.pkg.dev/artifact-foundry-prod/ah-3p-staging-python/simple/" }
sdist = { url = "https://us-python.pkg.dev/artifact-foundry-prod/ah-3p-staging-python/cfgv/cfgv-3.4.0.tar.gz", hash = "sha256:e52591d4c5f5dead8e0f673fb16db7949d2cfb3f7da4582893288f0ded8fe560" }
wheels = [
    { url = "https://us-python.pkg.dev/artifact-foundry-prod/ah-3p-staging-python/cfgv/cfgv-3.4.0-py2.py3-none-any.whl", hash = "sha256:b7265b1f29fd3316bfcd2b330d63d024f2bfd8bcb8b0272f8e19a504856c48f9" },
]

[[package]]
name = "clang"
version = "18.1.8"
source = { registry = "https://us-python.pkg.dev/artifact-foundry-prod/ah-3p-staging-python/simple/" }
sdist = { url = "https://us-python.pkg.dev/artifact-foundry-prod/ah-3p-staging-python/clang/clang-18.1.8.tar.gz", hash = "sha256:26d11859bab6da8d1fcdb85a244957f6c129a0cd15da2abca3059b054b87635f" }
wheels = [
    { url = "https://us-python.pkg.dev/artifact-foundry-prod/ah-3p-staging-python/clang/clang-18.1.8-py3-none-any.whl", hash = "sha256:2f6a00126743ee23d8fcd2a2338b42ef4d29897f293ee3a1bc4d5925d8ee875c" },
]

[[package]]
name = "clang-format"
version = "22.1.4"
source = { registry = "https://us-python.pkg.dev/artifact-foundry-prod/ah-3p-staging-python/simple/" }
sdist = { url = "https://us-python.pkg.dev/artifact-foundry-prod/ah-3p-staging-python/clang-format/clang_format-22.1.4.tar.gz", hash = "sha256:f323ab7524ee01120fa6f09ec863fda6d1f487ed43829e04b675f6bfcd9962fb" }
wheels = [
    { url = "https://us-python.pkg.dev/artifact-foundry-prod/ah-3p-staging-python/clang-format/clang_format-22.1.4-py2.py3-none-macosx_10_9_x86_64.whl", hash = "sha256:02f25e66efa2641d888a5ae1480db41103e3cb817be698bc30cee5f759a242b9" },
    { url = "https://us-python.pkg.dev/artifact-foundry-prod/ah-3p-staging-python/clang-format/clang_format-22.1.4-py2.py3-none-macosx_11_0_arm64.whl", hash = "sha256:68ba07b0887e4757e15660d94bd60bd51bfdb4393471c181806319020da995b1" },
    { url = "https://us-python.pkg.dev/artifact-foundry-prod/ah-3p-staging-python/clang-format/clang_format-22.1.4-py2.py3-none-manylinux_2_26_aarch64.manylinux_2_28_aarch64.whl", hash = "sha256:8ef5acb06c1c0556dbdf2827eb21b70dc4225b474b179f81744cc7b305ae8dbd" },
    { url = "https://us-python.pkg.dev/artifact-foundry-prod/ah-3p-staging-python/clang-format/clang_format-22.1.4-py2.py3-none-manylinux_2_26_i686.manylinux_2_28_i686.whl", hash = "sha256:6074708c4aca3935fcc2d933bb8bd6e74c5521b46ff2db22474983b04c20425d" },
    { url = "https://us-python.pkg.dev/artifact-foundry-prod/ah-3p-staging-python/clang-format/clang_format-22.1.4-py2.py3-none-manylinux_2_26_ppc64le.manylinux_2_28_ppc64le.whl", hash = "sha256:451e214f5125eb1db7ada239cf4b85cd85d18787eeb382e0a890f3822d808cc2" },
    { url = "https://us-python.pkg.dev/artifact-foundry-prod/ah-3p-staging-python/clang-format/clang_format-22.1.4-py2.py3-none-manylinux_2_26_s390x.manylinux_2_28_s390x.whl", hash = "sha256:eda6e1927ca0e87fd4b76941ce5d70ba9fea9d9a0a1c3ac7bd81f0cd38c22bf6" },
    { url = "https://us-python.pkg.dev/artifact-foundry-prod/ah-3p-staging-python/clang-format/clang_format-22.1.4-py2.py3-none-manylinux_2_27_x86_64.manylinux_2_28_x86_64.whl", hash = "sha256:9e1c6e5c2db317e04e4b37831e6645f049a7a3272637298dea6cb0b063af4f5f" },
    { url = "https://us-python.pkg.dev/artifact-foundry-prod/ah-3p-staging-python/clang-format/clang_format-22.1.4-py2.py3-none-manylinux_2_31_armv7l.whl", hash = "sha256:ae8b8a550824fe100fb70c25fa7c83f81ab8b18e9ce405f34bf7d8d24babdc35" },
    { url = "https://us-python.pkg.dev/artifact-foundry-prod/ah-3p-staging-python/clang-format/clang_format-22.1.4-py2.py3-none-musllinux_1_2_aarch64.whl", hash = "sha256:66e9d3d0300181f2ba5ec978a67c6387b7b2ce40aa6dfcbf554008b190fdedb9" },
    { url = "https://us-python.pkg.dev/artifact-foundry-prod/ah-3p-staging-python/clang-format/clang_format-22.1.4-py2.py3-none-musllinux_1_2_armv7l.whl", hash = "sha256:a61bb15b908f7b5e258b066c82384c42e6dec29087843a34cb31cf5d5cc45cc3" },
    { url = "https://us-python.pkg.dev/artifact-foundry-prod/ah-3p-staging-python/clang-format/clang_format-22.1.4-py2.py3-none-musllinux_1_2_i686.whl", hash = "sha256:ab474acdc4e67b3592b87dd7f4e47930dee0fad2157d768d00579b6336d4cfeb" },
    { url = "https://us-python.pkg.dev/artifact-foundry-prod/ah-3p-staging-python/clang-format/clang_format-22.1.4-py2.py3-none-musllinux_1_2_ppc64le.whl", hash = "sha256:c34080906726500d0b6241d5babcd76e4c5499e76d02a93fbff0b979f8578c44" },
    { url = "https://us-python.pkg.dev/artifact-foundry-prod/ah-3p-staging-python/clang-format/clang_format-22.1.4-py2.py3-none-musllinux_1_2_s390x.whl", hash = "sha256:98aa8850ee0a1b4d8cb88b6471f8cd4fdb5a40981cecacb4f8ab015be5784e75" },
    { url = "https://us-python.pkg.dev/artifact-foundry-prod/ah-3p-staging-python/clang-format/clang_format-22.1.4-py2.py3-none-musllinux_1_2_x86_64.whl", hash = "sha256:103a5ce901248a9bf97edac12189c628c6b3148dca885b9fe9fc1fc06179fb34" },
    { url = "https://us-python.pkg.dev/artifact-foundry-prod/ah-3p-staging-python/clang-format/clang_format-22.1.4-py2.py3-none-win32.whl", hash = "sha256:2281371d2008b7745a0d434be0edcc6529393a4c35fc28a41722f11cc44aa289" },
    { url = "https://us-python.pkg.dev/artifact-foundry-prod/ah-3p-staging-python/clang-format/clang_format-22.1.4-py2.py3-none-win_amd64.whl", hash = "sha256:cdc110e41ab8caee24207cc96a49523a5b9339b3ddb66386b66580949d7e8626" },
    { url = "https://us-python.pkg.dev/artifact-foundry-prod/ah-3p-staging-python/clang-format/clang_format-22.1.4-py2.py3-none-win_arm64.whl", hash = "sha256:b927c8aa664eb8ee86ca60e16fdc75fb297a1de6ed6a166ea115715fc4432f6f" },
]

[[package]]
name = "cmake-format"
version = "0.6.13"
source = { registry = "https://us-python.pkg.dev/artifact-foundry-prod/ah-3p-staging-python/simple/" }
dependencies = [
    { name = "cmakelang" },
]
sdist = { url = "https://us-python.pkg.dev/artifact-foundry-prod/ah-3p-staging-python/cmake-format/cmake-format-0.6.13.tar.gz", hash = "sha256:1a48b779067ecca68c498691d07d5c9d3df9803a7e0c5b641128fa6efe5ae489" }
wheels = [
    { url = "https://us-python.pkg.dev/artifact-foundry-prod/ah-3p-staging-python/cmake-format/cmake_format-0.6.13-py3-none-any.whl", hash = "sha256:ec7ed949101e5f0b7bc19317d122b83ccbc28fd766c41c93094845719667c56e" },
]

[[package]]
name = "cmakelang"
version = "0.6.13"
source = { registry = "https://us-python.pkg.dev/artifact-foundry-prod/ah-3p-staging-python/simple/" }
dependencies = [
    { name = "six" },
]
sdist = { url = "https://us-python.pkg.dev/artifact-foundry-prod/ah-3p-staging-python/cmakelang/cmakelang-0.6.13.tar.gz", hash = "sha256:03982e87b00654d024d73ef972d9d9bb0e5726cdb6b8a424a15661fb6278e67f" }
wheels = [
    { url = "https://us-python.pkg.dev/artifact-foundry-prod/ah-3p-staging-python/cmakelang/cmakelang-0.6.13-py3-none-any.whl", hash = "sha256:764b9467195c7c36453d60a829f30229720d26c7dffd41cb516b99bd9c7daf4e" },
]

[[package]]
name = "colorama"
version = "0.4.6"
source = { registry = "https://us-python.pkg.dev/artifact-foundry-prod/ah-3p-staging-python/simple/" }
sdist = { url = "https://us-python.pkg.dev/artifact-foundry-prod/ah-3p-staging-python/colorama/colorama-0.4.6.tar.gz", hash = "sha256:08695f5cb7ed6e0531a20572697297273c47b8cae5a63ffc6d6ed5c201be6e44" }
wheels = [
    { url = "https://us-python.pkg.dev/artifact-foundry-prod/ah-3p-staging-python/colorama/colorama-0.4.6-py2.py3-none-any.whl", hash = "sha256:4f1d9991f5acc0ca119f9d443620b77f9d6b33703e51011c16baf57afb285fc6" },
]

[[package]]
name = "distlib"
version = "0.3.9"
source = { registry = "https://us-python.pkg.dev/artifact-foundry-prod/ah-3p-staging-python/simple/" }
sdist = { url = "https://us-python.pkg.dev/artifact-foundry-prod/ah-3p-staging-python/distlib/distlib-0.3.9.tar.gz", hash = "sha256:a60f20dea646b8a33f3e7772f74dc0b2d0772d2837ee1342a00645c81edf9403" }
wheels = [
    { url = "https://us-python.pkg.dev/artifact-foundry-prod/ah-3p-staging-python/distlib/distlib-0.3.9-py2.py3-none-any.whl", hash = "sha256:47f8c22fd27c27e25a65601af709b38e4f0a45ea4fc2e710f65755fa8caaaf87" },
]

[[package]]
name = "filelock"
version = "3.18.0"
source = { registry = "https://us-python.pkg.dev/artifact-foundry-prod/ah-3p-staging-python/simple/" }
sdist = { url = "https://us-python.pkg.dev/artifact-foundry-prod/ah-3p-staging-python/filelock/filelock-3.18.0.tar.gz", hash = "sha256:adbc88eabb99d2fec8c9c1b229b171f18afa655400173ddc653d5d01501fb9f2" }
wheels = [
    { url = "https://us-python.pkg.dev/artifact-foundry-prod/ah-3p-staging-python/filelock/filelock-3.18.0-py3-none-any.whl", hash = "sha256:c401f4f8377c4464e6db25fff06205fd89bdd83b65eb0488ed1b160f780e21de" },
]

[[package]]
name = "identify"
version = "2.6.12"
source = { registry = "https://us-python.pkg.dev/artifact-foundry-prod/ah-3p-staging-python/simple/" }
sdist = { url = "https://us-python.pkg.dev/artifact-foundry-prod/ah-3p-staging-python/identify/identify-2.6.12.tar.gz", hash = "sha256:d8de45749f1efb108badef65ee8386f0f7bb19a7f26185f74de6367bffbaf0e6" }
wheels = [
    { url = "https://us-python.pkg.dev/artifact-foundry-prod/ah-3p-staging-python/identify/identify-2.6.12-py2.py3-none-any.whl", hash = "sha256:ad9672d5a72e0d2ff7c5c8809b62dfa60458626352fb0eb7b55e69bdc45334a2" },
]

[[package]]
name = "iniconfig"
version = "2.3.0"
source = { registry = "https://us-python.pkg.dev/artifact-foundry-prod/ah-3p-staging-python/simple/" }
sdist = { url = "https://us-python.pkg.dev/artifact-foundry-prod/ah-3p-staging-python/iniconfig/iniconfig-2.3.0.tar.gz", hash = "sha256:c76315c77db068650d49c5b56314774a7804df16fee4402c1f19d6d15d8c4730" }
wheels = [
    { url = "https://us-python.pkg.dev/artifact-foundry-prod/ah-3p-staging-python/iniconfig/iniconfig-2.3.0-py3-none-any.whl", hash = "sha256:f631c04d2c48c52b84d0d0549c99ff3859c98df65b3101406327ecc7d53fbf12" },
]

[[package]]
name = "jinja2"
version = "3.1.6"
source = { registry = "https://us-python.pkg.dev/artifact-foundry-prod/ah-3p-staging-python/simple/" }
dependencies = [
    { name = "markupsafe" },
]
sdist = { url = "https://us-python.pkg.dev/artifact-foundry-prod/ah-3p-staging-python/jinja2/jinja2-3.1.6.tar.gz", hash = "sha256:0137fb05990d35f1275a587e9aee6d56da821fc83491a0fb838183be43f66d6d" }
wheels = [
    { url = "https://us-python.pkg.dev/artifact-foundry-prod/ah-3p-staging-python/jinja2/jinja2-3.1.6-py3-none-any.whl", hash = "sha256:85ece4451f492d0c13c5dd7c13a64681a86afae63a5f347908daf103ce6d2f67" },
]

[[package]]
name = "libclang"
version = "18.1.1"
source = { registry = "https://us-python.pkg.dev/artifact-foundry-prod/ah-3p-staging-python/simple/" }
sdist = { url = "https://us-python.pkg.dev/artifact-foundry-prod/ah-3p-staging-python/libclang/libclang-18.1.1.tar.gz", hash = "sha256:a1214966d08d73d971287fc3ead8dfaf82eb07fb197680d8b3859dbbbbf78250" }
wheels = [
    { url = "https://us-python.pkg.dev/artifact-foundry-prod/ah-3p-staging-python/libclang/libclang-18.1.1-1-py2.py3-none-macosx_11_0_arm64.whl", hash = "sha256:0b2e143f0fac830156feb56f9231ff8338c20aecfe72b4ffe96f19e5a1dbb69a" },
    { url = "https://us-python.pkg.dev/artifact-foundry-prod/ah-3p-staging-python/libclang/libclang-18.1.1-py2.py3-none-macosx_10_9_x86_64.whl", hash = "sha256:6f14c3f194704e5d09769108f03185fce7acaf1d1ae4bbb2f30a72c2400cb7c5" },
    { url = "https://us-python.pkg.dev/artifact-foundry-prod/ah-3p-staging-python/libclang/libclang-18.1.1-py2.py3-none-macosx_11_0_arm64.whl", hash = "sha256:83ce5045d101b669ac38e6da8e58765f12da2d3aafb3b9b98d88b286a60964d8" },
    { url = "https://us-python.pkg.dev/artifact-foundry-prod/ah-3p-staging-python/libclang/libclang-18.1.1-py2.py3-none-manylinux2010_x86_64.whl", hash = "sha256:c533091d8a3bbf7460a00cb6c1a71da93bffe148f172c7d03b1c31fbf8aa2a0b" },
    { url = "https://us-python.pkg.dev/artifact-foundry-prod/ah-3p-staging-python/libclang/libclang-18.1.1-py2.py3-none-manylinux2014_aarch64.whl", hash = "sha256:54dda940a4a0491a9d1532bf071ea3ef26e6dbaf03b5000ed94dd7174e8f9592" },
    { url = "https://us-python.pkg.dev/artifact-foundry-prod/ah-3p-staging-python/libclang/libclang-18.1.1-py2.py3-none-manylinux2014_armv7l.whl", hash = "sha256:cf4a99b05376513717ab5d82a0db832c56ccea4fd61a69dbb7bccf2dfb207dbe" },
    { url = "https://us-python.pkg.dev/artifact-foundry-prod/ah-3p-staging-python/libclang/libclang-18.1.1-py2.py3-none-musllinux_1_2_x86_64.whl", hash = "sha256:69f8eb8f65c279e765ffd28aaa7e9e364c776c17618af8bff22a8df58677ff4f" },
    { url = "https://us-python.pkg.dev/artifact-foundry-prod/ah-3p-staging-python/libclang/libclang-18.1.1-py2.py3-none-win_amd64.whl", hash = "sha256:4dd2d3b82fab35e2bf9ca717d7b63ac990a3519c7e312f19fa8e86dcc712f7fb" },
    { url = "https://us-python.pkg.dev/artifact-foundry-prod/ah-3p-staging-python/libclang/libclang-18.1.1-py2.py3-none-win_arm64.whl", hash = "sha256:3f0e1f49f04d3cd198985fea0511576b0aee16f9ff0e0f0cad7f9c57ec3c20e8" },
]

[[package]]
name = "markupsafe"
version = "3.0.3"
source = { registry = "https://us-python.pkg.dev/artifact-foundry-prod/ah-3p-staging-python/simple/" }
sdist = { url = "https://us-python.pkg.dev/artifact-foundry-prod/ah-3p-staging-python/markupsafe/markupsafe-3.0.3.tar.gz", hash = "sha256:722695808f4b6457b320fdc131280796bdceb04ab50fe1795cd540799ebe1698" }
wheels = [
    { url = "https://us-python.pkg.dev/artifact-foundry-prod/ah-3p-staging-python/markupsafe/markupsafe-3.0.3-cp312-cp312-macosx_10_13_x86_64.whl", hash = "sha256:d53197da72cc091b024dd97249dfc7794d6a56530370992a5e1a08983ad9230e" },
    { url = "https://us-python.pkg.dev/artifact-foundry-prod/ah-3p-staging-python/markupsafe/markupsafe-3.0.3-cp312-cp312-macosx_11_0_arm64.whl", hash = "sha256:1872df69a4de6aead3491198eaf13810b565bdbeec3ae2dc8780f14458ec73ce" },
    { url = "https://us-python.pkg.dev/artifact-foundry-prod/ah-3p-staging-python/markupsafe/markupsafe-3.0.3-cp312-cp312-manylinux2014_aarch64.manylinux_2_17_aarch64.manylinux_2_28_aarch64.whl", hash = "sha256:3a7e8ae81ae39e62a41ec302f972ba6ae23a5c5396c8e60113e9066ef893da0d" },
    { url = "https://us-python.pkg.dev/artifact-foundry-prod/ah-3p-staging-python/markupsafe/markupsafe-3.0.3-cp312-cp312-manylinux2014_x86_64.manylinux_2_17_x86_64.manylinux_2_28_x86_64.whl", hash = "sha256:d6dd0be5b5b189d31db7cda48b91d7e0a9795f31430b7f271219ab30f1d3ac9d" },
    { url = "https://us-python.pkg.dev/artifact-foundry-prod/ah-3p-staging-python/markupsafe/markupsafe-3.0.3-cp312-cp312-manylinux_2_31_riscv64.manylinux_2_39_riscv64.whl", hash = "sha256:94c6f0bb423f739146aec64595853541634bde58b2135f27f61c1ffd1cd4d16a" },
    { url = "https://us-python.pkg.dev/artifact-foundry-prod/ah-3p-staging-python/markupsafe/markupsafe-3.0.3-cp312-cp312-musllinux_1_2_aarch64.whl", hash = "sha256:be8813b57049a7dc738189df53d69395eba14fb99345e0a5994914a3864c8a4b" },
    { url = "https://us-python.pkg.dev/artifact-foundry-prod/ah-3p-staging-python/markupsafe/markupsafe-3.0.3-cp312-cp312-musllinux_1_2_riscv64.whl", hash = "sha256:83891d0e9fb81a825d9a6d61e3f07550ca70a076484292a70fde82c4b807286f" },
    { url = "https://us-python.pkg.dev/artifact-foundry-prod/ah-3p-staging-python/markupsafe/markupsafe-3.0.3-cp312-cp312-musllinux_1_2_x86_64.whl", hash = "sha256:77f0643abe7495da77fb436f50f8dab76dbc6e5fd25d39589a0f1fe6548bfa2b" },
    { url = "https://us-python.pkg.dev/artifact-foundry-prod/ah-3p-staging-python/markupsafe/markupsafe-3.0.3-cp312-cp312-win32.whl", hash = "sha256:d88b440e37a16e651bda4c7c2b930eb586fd15ca7406cb39e211fcff3bf3017d" },
    { url = "https://us-python.pkg.dev/artifact-foundry-prod/ah-3p-staging-python/markupsafe/markupsafe-3.0.3-cp312-cp312-win_amd64.whl", hash = "sha256:26a5784ded40c9e318cfc2bdb30fe164bdb8665ded9cd64d500a34fb42067b1c" },
    { url = "https://us-python.pkg.dev/artifact-foundry-prod/ah-3p-staging-python/markupsafe/markupsafe-3.0.3-cp312-cp312-win_arm64.whl", hash = "sha256:35add3b638a5d900e807944a078b51922212fb3dedb01633a8defc4b01a3c85f" },
]

[[package]]
name = "nodeenv"
version = "1.9.1"
source = { registry = "https://us-python.pkg.dev/artifact-foundry-prod/ah-3p-staging-python/simple/" }
sdist = { url = "https://us-python.pkg.dev/artifact-foundry-prod/ah-3p-staging-python/nodeenv/nodeenv-1.9.1.tar.gz", hash = "sha256:6ec12890a2dab7946721edbfbcd91f3319c6ccc9aec47be7c7e6b7011ee6645f" }
wheels = [
    { url = "https://us-python.pkg.dev/artifact-foundry-prod/ah-3p-staging-python/nodeenv/nodeenv-1.9.1-py2.py3-none-any.whl", hash = "sha256:ba11c9782d29c27c70ffbdda2d7415098754709be8a7056d79a737cd901155c9" },
]

[[package]]
name = "packaging"
version = "26.0"
source = { registry = "https://us-python.pkg.dev/artifact-foundry-prod/ah-3p-staging-python/simple/" }
sdist = { url = "https://us-python.pkg.dev/artifact-foundry-prod/ah-3p-staging-python/packaging/packaging-26.0.tar.gz", hash = "sha256:00243ae351a257117b6a241061796684b084ed1c516a08c48a3f7e147a9d80b4" }
wheels = [
    { url = "https://us-python.pkg.dev/artifact-foundry-prod/ah-3p-staging-python/packaging/packaging-26.0-py3-none-any.whl", hash = "sha256:b36f1fef9334a5588b4166f8bcd26a14e521f2b55e6b9de3aaa80d3ff7a37529" },
]

[[package]]
name = "platformdirs"
version = "4.3.8"
source = { registry = "https://us-python.pkg.dev/artifact-foundry-prod/ah-3p-staging-python/simple/" }
sdist = { url = "https://us-python.pkg.dev/artifact-foundry-prod/ah-3p-staging-python/platformdirs/platformdirs-4.3.8.tar.gz", hash = "sha256:3d512d96e16bcb959a814c9f348431070822a6496326a4be0911c40b5a74c2bc" }
wheels = [
    { url = "https://us-python.pkg.dev/artifact-foundry-prod/ah-3p-staging-python/platformdirs/platformdirs-4.3.8-py3-none-any.whl", hash = "sha256:ff7059bb7eb1179e2685604f4aaf157cfd9535242bd23742eadc3c13542139b4" },
]

[[package]]
name = "pluggy"
version = "1.6.0"
source = { registry = "https://us-python.pkg.dev/artifact-foundry-prod/ah-3p-staging-python/simple/" }
sdist = { url = "https://us-python.pkg.dev/artifact-foundry-prod/ah-3p-staging-python/pluggy/pluggy-1.6.0.tar.gz", hash = "sha256:7dcc130b76258d33b90f61b658791dede3486c3e6bfb003ee5c9bfb396dd22f3" }
wheels = [
    { url = "https://us-python.pkg.dev/artifact-foundry-prod/ah-3p-staging-python/pluggy/pluggy-1.6.0-py3-none-any.whl", hash = "sha256:e920276dd6813095e9377c0bc5566d94c932c33b27a3e3945d8389c374dd4746" },
]

[[package]]
name = "pre-commit"
version = "4.2.0"
source = { registry = "https://us-python.pkg.dev/artifact-foundry-prod/ah-3p-staging-python/simple/" }
dependencies = [
    { name = "cfgv" },
    { name = "identify" },
    { name = "nodeenv" },
    { name = "pyyaml" },
    { name = "virtualenv" },
]
sdist = { url = "https://us-python.pkg.dev/artifact-foundry-prod/ah-3p-staging-python/pre-commit/pre_commit-4.2.0.tar.gz", hash = "sha256:601283b9757afd87d40c4c4a9b2b5de9637a8ea02eaff7adc2d0fb4e04841146" }
wheels = [
    { url = "https://us-python.pkg.dev/artifact-foundry-prod/ah-3p-staging-python/pre-commit/pre_commit-4.2.0-py2.py3-none-any.whl", hash = "sha256:a009ca7205f1eb497d10b845e52c838a98b6cdd2102a6c8e4540e94ee75c58bd" },
]

[[package]]
name = "pygments"
version = "2.19.2"
source = { registry = "https://us-python.pkg.dev/artifact-foundry-prod/ah-3p-staging-python/simple/" }
sdist = { url = "https://us-python.pkg.dev/artifact-foundry-prod/ah-3p-staging-python/pygments/pygments-2.19.2.tar.gz", hash = "sha256:636cb2477cec7f8952536970bc533bc43743542f70392ae026374600add5b887" }
wheels = [
    { url = "https://us-python.pkg.dev/artifact-foundry-prod/ah-3p-staging-python/pygments/pygments-2.19.2-py3-none-any.whl", hash = "sha256:86540386c03d588bb81d44bc3928634ff26449851e99741617ecb9037ee5ec0b" },
]

[[package]]
name = "pyrefly"
version = "0.62.0"
source = { registry = "https://us-python.pkg.dev/artifact-foundry-prod/ah-3p-staging-python/simple/" }
sdist = { url = "https://us-python.pkg.dev/artifact-foundry-prod/ah-3p-staging-python/pyrefly/pyrefly-0.62.0.tar.gz", hash = "sha256:da1fbe1075dc1e6c8e3134e9370b0a0e7a296061d782cca5bf83dbb8e4c10d7c" }
wheels = [
    { url = "https://us-python.pkg.dev/artifact-foundry-prod/ah-3p-staging-python/pyrefly/pyrefly-0.62.0-py3-none-macosx_10_12_x86_64.whl", hash = "sha256:9d78ec4f126dee1fa76215b193b964490ce10e62a32d2787a72c51623658b803" },
    { url = "https://us-python.pkg.dev/artifact-foundry-prod/ah-3p-staging-python/pyrefly/pyrefly-0.62.0-py3-none-macosx_11_0_arm64.whl", hash = "sha256:2a41a34902d20756264486f9e309f22633d100261bd960feea6e858a098d985d" },
    { url = "https://us-python.pkg.dev/artifact-foundry-prod/ah-3p-staging-python/pyrefly/pyrefly-0.62.0-py3-none-manylinux_2_17_aarch64.manylinux2014_aarch64.whl", hash = "sha256:4666c6b65aea662e5f77b64dc91c091b7ea5cede6aa66c0f4cbae26480403583" },
    { url = "https://us-python.pkg.dev/artifact-foundry-prod/ah-3p-staging-python/pyrefly/pyrefly-0.62.0-py3-none-manylinux_2_17_i686.manylinux2014_i686.whl", hash = "sha256:1aefab798f47d37c13ded791192fee9b39a6d2b12e31f38ae06a1f80c4b26e22" },
    { url = "https://us-python.pkg.dev/artifact-foundry-prod/ah-3p-staging-python/pyrefly/pyrefly-0.62.0-py3-none-manylinux_2_17_ppc64le.manylinux2014_ppc64le.whl", hash = "sha256:8fa986b50d56740da1d7ae7c660a505143cb9d286fa98cc7e5f4a759cc6eaa5d" },
    { url = "https://us-python.pkg.dev/artifact-foundry-prod/ah-3p-staging-python/pyrefly/pyrefly-0.62.0-py3-none-manylinux_2_17_x86_64.manylinux2014_x86_64.whl", hash = "sha256:32e9b175805c82ffb967e4708f4910bace7e1a12736907380cc9afdbaabb0efb" },
    { url = "https://us-python.pkg.dev/artifact-foundry-prod/ah-3p-staging-python/pyrefly/pyrefly-0.62.0-py3-none-win32.whl", hash = "sha256:1cd98edc20cab5bac8016c9220ee66080e39bd22e7f0e9bb3e2c4e2be1555eed" },
    { url = "https://us-python.pkg.dev/artifact-foundry-prod/ah-3p-staging-python/pyrefly/pyrefly-0.62.0-py3-none-win_amd64.whl", hash = "sha256:6994f8ee7d6720325ee52207fbdaca98a799a1efe462bb5ba90c47160f7f3e6e" },
    { url = "https://us-python.pkg.dev/artifact-foundry-prod/ah-3p-staging-python/pyrefly/pyrefly-0.62.0-py3-none-win_arm64.whl", hash = "sha256:362a5d47a5ac5aaa5258091e878a1759ff8b687d8cf462af1c516144f7b0108a" },
]

[[package]]
name = "pytest"
version = "9.0.2"
source = { registry = "https://us-python.pkg.dev/artifact-foundry-prod/ah-3p-staging-python/simple/" }
dependencies = [
    { name = "colorama", marker = "sys_platform == 'win32'" },
    { name = "iniconfig" },
    { name = "packaging" },
    { name = "pluggy" },
    { name = "pygments" },
]
sdist = { url = "https://us-python.pkg.dev/artifact-foundry-prod/ah-3p-staging-python/pytest/pytest-9.0.2.tar.gz", hash = "sha256:75186651a92bd89611d1d9fc20f0b4345fd827c41ccd5c299a868a05d70edf11" }
wheels = [
    { url = "https://us-python.pkg.dev/artifact-foundry-prod/ah-3p-staging-python/pytest/pytest-9.0.2-py3-none-any.whl", hash = "sha256:711ffd45bf766d5264d487b917733b453d917afd2b0ad65223959f59089f875b" },
]

[[package]]
name = "pyyaml"
version = "6.0.2"
source = { registry = "https://us-python.pkg.dev/artifact-foundry-prod/ah-3p-staging-python/simple/" }
sdist = { url = "https://us-python.pkg.dev/artifact-foundry-prod/ah-3p-staging-python/pyyaml/pyyaml-6.0.2.tar.gz", hash = "sha256:d584d9ec91ad65861cc08d42e834324ef890a082e591037abe114850ff7bbc3e" }
wheels = [
    { url = "https://us-python.pkg.dev/artifact-foundry-prod/ah-3p-staging-python/pyyaml/PyYAML-6.0.2-cp312-cp312-macosx_10_9_x86_64.whl", hash = "sha256:c70c95198c015b85feafc136515252a261a84561b7b1d51e3384e0655ddf25ab" },
    { url = "https://us-python.pkg.dev/artifact-foundry-prod/ah-3p-staging-python/pyyaml/PyYAML-6.0.2-cp312-cp312-macosx_11_0_arm64.whl", hash = "sha256:ce826d6ef20b1bc864f0a68340c8b3287705cae2f8b4b1d932177dcc76721725" },
    { url = "https://us-python.pkg.dev/artifact-foundry-prod/ah-3p-staging-python/pyyaml/PyYAML-6.0.2-cp312-cp312-manylinux_2_17_aarch64.manylinux2014_aarch64.whl", hash = "sha256:1f71ea527786de97d1a0cc0eacd1defc0985dcf6b3f17bb77dcfc8c34bec4dc5" },
    { url = "https://us-python.pkg.dev/artifact-foundry-prod/ah-3p-staging-python/pyyaml/PyYAML-6.0.2-cp312-cp312-manylinux_2_17_s390x.manylinux2014_s390x.whl", hash = "sha256:9b22676e8097e9e22e36d6b7bda33190d0d400f345f23d4065d48f4ca7ae0425" },
    { url = "https://us-python.pkg.dev/artifact-foundry-prod/ah-3p-staging-python/pyyaml/PyYAML-6.0.2-cp312-cp312-manylinux_2_17_x86_64.manylinux2014_x86_64.whl", hash = "sha256:80bab7bfc629882493af4aa31a4cfa43a4c57c83813253626916b8c7ada83476" },
    { url = "https://us-python.pkg.dev/artifact-foundry-prod/ah-3p-staging-python/pyyaml/PyYAML-6.0.2-cp312-cp312-musllinux_1_1_aarch64.whl", hash = "sha256:0833f8694549e586547b576dcfaba4a6b55b9e96098b36cdc7ebefe667dfed48" },
    { url = "https://us-python.pkg.dev/artifact-foundry-prod/ah-3p-staging-python/pyyaml/PyYAML-6.0.2-cp312-cp312-musllinux_1_1_x86_64.whl", hash = "sha256:8b9c7197f7cb2738065c481a0461e50ad02f18c78cd75775628afb4d7137fb3b" },
    { url = "https://us-python.pkg.dev/artifact-foundry-prod/ah-3p-staging-python/pyyaml/PyYAML-6.0.2-cp312-cp312-win32.whl", hash = "sha256:ef6107725bd54b262d6dedcc2af448a266975032bc85ef0172c5f059da6325b4" },
    { url = "https://us-python.pkg.dev/artifact-foundry-prod/ah-3p-staging-python/pyyaml/PyYAML-6.0.2-cp312-cp312-win_amd64.whl", hash = "sha256:7e7401d0de89a9a855c839bc697c079a4af81cf878373abd7dc625847d25cbd8" },
]

[[package]]
name = "ruff"
version = "0.15.7"
source = { registry = "https://us-python.pkg.dev/artifact-foundry-prod/ah-3p-staging-python/simple/" }
sdist = { url = "https://us-python.pkg.dev/artifact-foundry-prod/ah-3p-staging-python/ruff/ruff-0.15.7.tar.gz", hash = "sha256:04f1ae61fc20fe0b148617c324d9d009b5f63412c0b16474f3d5f1a1a665f7ac" }
wheels = [
    { url = "https://us-python.pkg.dev/artifact-foundry-prod/ah-3p-staging-python/ruff/ruff-0.15.7-py3-none-linux_armv6l.whl", hash = "sha256:a81cc5b6910fb7dfc7c32d20652e50fa05963f6e13ead3c5915c41ac5d16668e" },
    { url = "https://us-python.pkg.dev/artifact-foundry-prod/ah-3p-staging-python/ruff/ruff-0.15.7-py3-none-macosx_10_12_x86_64.whl", hash = "sha256:722d165bd52403f3bdabc0ce9e41fc47070ac56d7a91b4e0d097b516a53a3477" },
    { url = "https://us-python.pkg.dev/artifact-foundry-prod/ah-3p-staging-python/ruff/ruff-0.15.7-py3-none-macosx_11_0_arm64.whl", hash = "sha256:7fbc2448094262552146cbe1b9643a92f66559d3761f1ad0656d4991491af49e" },
    { url = "https://us-python.pkg.dev/artifact-foundry-prod/ah-3p-staging-python/ruff/ruff-0.15.7-py3-none-manylinux_2_17_aarch64.manylinux2014_aarch64.whl", hash = "sha256:6b39329b60eba44156d138275323cc726bbfbddcec3063da57caa8a8b1d50adf" },
    { url = "https://us-python.pkg.dev/artifact-foundry-prod/ah-3p-staging-python/ruff/ruff-0.15.7-py3-none-manylinux_2_17_armv7l.manylinux2014_armv7l.whl", hash = "sha256:87768c151808505f2bfc93ae44e5f9e7c8518943e5074f76ac21558ef5627c85" },
    { url = "https://us-python.pkg.dev/artifact-foundry-prod/ah-3p-staging-python/ruff/ruff-0.15.7-py3-none-manylinux_2_17_i686.manylinux2014_i686.whl", hash = "sha256:fb0511670002c6c529ec66c0e30641c976c8963de26a113f3a30456b702468b0" },
    { url = "https://us-python.pkg.dev/artifact-foundry-prod/ah-3p-staging-python/ruff/ruff-0.15.7-py3-none-manylinux_2_17_ppc64le.manylinux2014_ppc64le.whl", hash = "sha256:e0d19644f801849229db8345180a71bee5407b429dd217f853ec515e968a6912" },
    { url = "https://us-python.pkg.dev/artifact-foundry-prod/ah-3p-staging-python/ruff/ruff-0.15.7-py3-none-manylinux_2_17_s390x.manylinux2014_s390x.whl", hash = "sha256:4806d8e09ef5e84eb19ba833d0442f7e300b23fe3f0981cae159a248a10f0036" },
    { url = "https://us-python.pkg.dev/artifact-foundry-prod/ah-3p-staging-python/ruff/ruff-0.15.7-py3-none-manylinux_2_17_x86_64.manylinux2014_x86_64.whl", hash = "sha256:dce0896488562f09a27b9c91b1f58a097457143931f3c4d519690dea54e624c5" },
    { url = "https://us-python.pkg.dev/artifact-foundry-prod/ah-3p-staging-python/ruff/ruff-0.15.7-py3-none-manylinux_2_31_riscv64.whl", hash = "sha256:1852ce241d2bc89e5dc823e03cff4ce73d816b5c6cdadd27dbfe7b03217d2a12" },
    { url = "https://us-python.pkg.dev/artifact-foundry-prod/ah-3p-staging-python/ruff/ruff-0.15.7-py3-none-musllinux_1_2_aarch64.whl", hash = "sha256:5f3e4b221fb4bd293f79912fc5e93a9063ebd6d0dcbd528f91b89172a9b8436c" },
    { url = "https://us-python.pkg.dev/artifact-foundry-prod/ah-3p-staging-python/ruff/ruff-0.15.7-py3-none-musllinux_1_2_armv7l.whl", hash = "sha256:b15e48602c9c1d9bdc504b472e90b90c97dc7d46c7028011ae67f3861ceba7b4" },
    { url = "https://us-python.pkg.dev/artifact-foundry-prod/ah-3p-staging-python/ruff/ruff-0.15.7-py3-none-musllinux_1_2_i686.whl", hash = "sha256:1b4705e0e85cedc74b0a23cf6a179dbb3df184cb227761979cc76c0440b5ab0d" },
    { url = "https://us-python.pkg.dev/artifact-foundry-prod/ah-3p-staging-python/ruff/ruff-0.15.7-py3-none-musllinux_1_2_x86_64.whl", hash = "sha256:112c1fa316a558bb34319282c1200a8bf0495f1b735aeb78bfcb2991e6087580" },
    { url = "https://us-python.pkg.dev/artifact-foundry-prod/ah-3p-staging-python/ruff/ruff-0.15.7-py3-none-win32.whl", hash = "sha256:6d39e2d3505b082323352f733599f28169d12e891f7dd407f2d4f54b4c2886de" },
    { url = "https://us-python.pkg.dev/artifact-foundry-prod/ah-3p-staging-python/ruff/ruff-0.15.7-py3-none-win_amd64.whl", hash = "sha256:4d53d712ddebcd7dace1bc395367aec12c057aacfe9adbb6d832302575f4d3a1" },
    { url = "https://us-python.pkg.dev/artifact-foundry-prod/ah-3p-staging-python/ruff/ruff-0.15.7-py3-none-win_arm64.whl", hash = "sha256:18e8d73f1c3fdf27931497972250340f92e8c861722161a9caeb89a58ead6ed2" },
]

[[package]]
name = "six"
version = "1.17.0"
source = { registry = "https://us-python.pkg.dev/artifact-foundry-prod/ah-3p-staging-python/simple/" }
sdist = { url = "https://us-python.pkg.dev/artifact-foundry-prod/ah-3p-staging-python/six/six-1.17.0.tar.gz", hash = "sha256:ff70335d468e7eb6ec65b95b99d3a2836546063f63acc5171de367e834932a81" }
wheels = [
    { url = "https://us-python.pkg.dev/artifact-foundry-prod/ah-3p-staging-python/six/six-1.17.0-py2.py3-none-any.whl", hash = "sha256:4721f391ed90541fddacab5acf947aa0d3dc7d27b2e1e8eda2be8970586c3274" },
]

[[package]]
name = "virtualenv"
version = "20.31.2"
source = { registry = "https://us-python.pkg.dev/artifact-foundry-prod/ah-3p-staging-python/simple/" }
dependencies = [
    { name = "distlib" },
    { name = "filelock" },
    { name = "platformdirs" },
]
sdist = { url = "https://us-python.pkg.dev/artifact-foundry-prod/ah-3p-staging-python/virtualenv/virtualenv-20.31.2.tar.gz", hash = "sha256:e10c0a9d02835e592521be48b332b6caee6887f332c111aa79a09b9e79efc2af" }
wheels = [
    { url = "https://us-python.pkg.dev/artifact-foundry-prod/ah-3p-staging-python/virtualenv/virtualenv-20.31.2-py3-none-any.whl", hash = "sha256:36efd0d9650ee985f0cad72065001e66d49a6f24eb44d98980f630686243cf11" },
]

[[package]]
name = "xyz-cppmodel"
version = "0.0.1"
source = { git = "https://github.com/jbcoe/py_cppmodel.git?rev=eeb0921173dcde828eeb3940d1fdd4f64eaf7e6d#eeb0921173dcde828eeb3940d1fdd4f64eaf7e6d" }
dependencies = [
    { name = "clang" },
    { name = "libclang" },
]
