version = 1
revision = 3
requires-python = "==3.12.*"

[[package]]
name = "cc-protocol-dev-tools"
version = "0.1.0"
source = { virtual = "." }
dependencies = [
    { name = "clang" },
    { name = "clang-format" },
    { name = "cmake-format" },
    { name = "jinja2" },
    { name = "pre-commit" },
    { name = "pyrefly" },
    { name = "pytest" },
    { name = "pyyaml" },
    { name = "ruff" },
    { name = "xyz-cppmodel" },
]

[package.metadata]
requires-dist = [
    { name = "clang", specifier = "<19.0.0" },
    { name = "clang-format", specifier = ">=22.1.4" },
    { name = "cmake-format", specifier = ">=0.6.13" },
    { name = "jinja2", specifier = ">=3.1.6" },
    { name = "pre-commit", specifier = ">=4.2.0" },
    { name = "pyrefly", specifier = ">=0.62.0" },
    { name = "pytest", specifier = ">=9.0.2" },
    { name = "pyyaml", specifier = ">=6.0.2" },
    { name = "ruff", specifier = ">=0.15.7" },
    { name = "xyz-cppmodel", git = "https://github.com/jbcoe/py_cppmodel.git?rev=eeb0921173dcde828eeb3940d1fdd4f64eaf7e6d" },
]

[[package]]
name = "cfgv"
version = "3.5.0"
source = { registry = "https://pypi.org/simple" }
sdist = { url = "https://files.pythonhosted.org/packages/4e/b5/721b8799b04bf9afe054a3899c6cf4e880fcf8563cc71c15610242490a0c/cfgv-3.5.0.tar.gz", hash = "sha256:d5b1034354820651caa73ede66a6294d6e95c1b00acc5e9b098e917404669132", size = 7334, upload-time = "2025-11-19T20:55:51.612Z" }
wheels = [
    { url = "https://files.pythonhosted.org/packages/db/3c/33bac158f8ab7f89b2e59426d5fe2e4f63f7ed25df84c036890172b412b5/cfgv-3.5.0-py2.py3-none-any.whl", hash = "sha256:a8dc6b26ad22ff227d2634a65cb388215ce6cc96bbcc5cfde7641ae87e8dacc0", size = 7445, upload-time = "2025-11-19T20:55:50.744Z" },
]

[[package]]
name = "clang"
version = "18.1.8"
source = { registry = "https://pypi.org/simple" }
sdist = { url = "https://files.pythonhosted.org/packages/2c/6d/202fe248475f92ab9057a4066d50fe8aaa2def62493894dc9a9814ce8d3b/clang-18.1.8.tar.gz", hash = "sha256:26d11859bab6da8d1fcdb85a244957f6c129a0cd15da2abca3059b054b87635f", size = 3101, upload-time = "2025-02-17T21:49:01.037Z" }
wheels = [
    { url = "https://files.pythonhosted.org/packages/a5/3c/1bebce0b2588b913b48baea6eac5091c023f03cc0c8ab4b015a8315d0d09/clang-18.1.8-py3-none-any.whl", hash = "sha256:2f6a00126743ee23d8fcd2a2338b42ef4d29897f293ee3a1bc4d5925d8ee875c", size = 31627, upload-time = "2025-02-17T21:48:59.215Z" },
]

[[package]]
name = "clang-format"
version = "22.1.5"
source = { registry = "https://pypi.org/simple" }
sdist = { url = "https://files.pythonhosted.org/packages/12/67/4195b7bf2204e77a1c6305ea976f8e5dc63e70bcb59702912adb266a102e/clang_format-22.1.5.tar.gz", hash = "sha256:94401741d1db878ee1e002e3c33305a7c8e50ff1a9b0a4b8c713690f404d535c", size = 11508, upload-time = "2026-05-06T13:12:22.996Z" }
wheels = [
    { url = "https://files.pythonhosted.org/packages/6f/f4/eef03a87fe65a666bf8a1d9cf804addd5cd26eb225d4e270f22c20d832b0/clang_format-22.1.5-py2.py3-none-macosx_10_9_x86_64.whl", hash = "sha256:a73a500dcabdac1ebc993b99f77fe61de967c7ab9c26d12d664f02def31f0464", size = 1492641, upload-time = "2026-05-06T13:11:49.939Z" },
    { url = "https://files.pythonhosted.org/packages/0f/d8/e5cfbfd7f0d29c167dda2d014bd76ee3c4169000958948c73dd270c995c4/clang_format-22.1.5-py2.py3-none-macosx_11_0_arm64.whl", hash = "sha256:47e73563e6c55b47d6800bcc52e53e66c73b1d801f775b118dcc7aab8410c36f", size = 1478953, upload-time = "2026-05-06T13:11:52.282Z" },
    { url = "https://files.pythonhosted.org/packages/d9/d5/077d5bbea3d07c494705dc0960e58150651eeb024d9f837ea3350505b1a9/clang_format-22.1.5-py2.py3-none-manylinux_2_26_aarch64.manylinux_2_28_aarch64.whl", hash = "sha256:2db8b07d54f2b9583327715267b8ae5e9852e8da23b49c1bf8dde19067ce6fbc", size = 1757816, upload-time = "2026-05-06T13:11:54.468Z" },
    { url = "https://files.pythonhosted.org/packages/ca/95/25636844c2255fa40d1e6a691c483a9c8804f0ce6903eb790f8e4d95dfa6/clang_format-22.1.5-py2.py3-none-manylinux_2_26_i686.manylinux_2_28_i686.whl", hash = "sha256:7a93aad78b03f190d8a73e5e81d6942bc0e4f449add21e62c7fad1be2cdfec03", size = 1888629, upload-time = "2026-05-06T13:11:56.31Z" },
    { url = "https://files.pythonhosted.org/packages/6f/59/8b9a1f6f4197292577dae8ff9f94c5900622c0e0a395a46cb2278e4d813a/clang_format-22.1.5-py2.py3-none-manylinux_2_26_ppc64le.manylinux_2_28_ppc64le.whl", hash = "sha256:b40d0d264003c831cda317d09db31f0ebbcddd5dc13f04af52be5664d2b8aa89", size = 2070260, upload-time = "2026-05-06T13:11:58.243Z" },
    { url = "https://files.pythonhosted.org/packages/f1/a8/f33290829eb73e1baece6d46a55d19a3d286ddee559a1955add639ceb731/clang_format-22.1.5-py2.py3-none-manylinux_2_26_s390x.manylinux_2_28_s390x.whl", hash = "sha256:a89ec86dd33f367b4e10dc1f243508709deed8576bb75a7b01c1412de47504df", size = 2101891, upload-time = "2026-05-06T13:12:00.131Z" },
    { url = "https://files.pythonhosted.org/packages/39/5e/bf1ea7a20ec3ffecda7eff98ad0f1621255e244e0f888d011a2106a04318/clang_format-22.1.5-py2.py3-none-manylinux_2_27_x86_64.manylinux_2_28_x86_64.whl", hash = "sha256:451efcd0738908b2bd4d76409b52920ef381e045eb6728f9286d2ae5f02f3ef2", size = 1841172, upload-time = "2026-05-06T13:12:02.03Z" },
    { url = "https://files.pythonhosted.org/packages/b5/5f/853664a3d7599a682b2c89cc76606b818c5c56c7741251a42004e3e76104/clang_format-22.1.5-py2.py3-none-manylinux_2_31_armv7l.whl", hash = "sha256:39af8c0b77fb05d1dc7073ee9e348d81a965a0b96c0307d07cd92bbd74c611c7", size = 1684799, upload-time = "2026-05-06T13:12:03.6Z" },
    { url = "https://files.pythonhosted.org/packages/81/0b/7eb88226eed4c6cb529878d578f888c96ad3778df30e64d3223860327a08/clang_format-22.1.5-py2.py3-none-musllinux_1_2_aarch64.whl", hash = "sha256:cbafc220a1ad3da603f0e4a469f52cf31be60da384d213727b62af0684cfd96b", size = 2735300, upload-time = "2026-05-06T13:12:05.329Z" },
    { url = "https://files.pythonhosted.org/packages/7e/82/38a8271f80861e75012c5ef63955f42ddd90cfff6a4ac09c84c055c1f4b3/clang_format-22.1.5-py2.py3-none-musllinux_1_2_armv7l.whl", hash = "sha256:4f43424bc0944402f2166337cc330f92d31d102b5a3ee31714814823ac647a67", size = 2514975, upload-time = "2026-05-06T13:12:07.458Z" },
    { url = "https://files.pythonhosted.org/packages/98/7a/2fb4e48fb9205e0b4380fe44d27d1e29141211f0fa53887e75224bf4fbe7/clang_format-22.1.5-py2.py3-none-musllinux_1_2_i686.whl", hash = "sha256:a6f700f948a0eeccdc74966a773d3f2f348ffedab4b49b10b71439f26d1b8ad2", size = 2985901, upload-time = "2026-05-06T13:12:09.317Z" },
    { url = "https://files.pythonhosted.org/packages/8c/0a/1f6cd7f0ebb8083db3098d648af3d363c35f6864159fa508d213279294b0/clang_format-22.1.5-py2.py3-none-musllinux_1_2_ppc64le.whl", hash = "sha256:f0fb5226525c846a8770b8adaba3a323261b6031a13d065d4d4c4aa0bf6dbbc4", size = 3119111, upload-time = "2026-05-06T13:12:11.445Z" },
    { url = "https://files.pythonhosted.org/packages/e3/7e/89cdc4216d8d49eeff98043bb5836eec5da805fd31aeb8f480bf4b8fa8ca/clang_format-22.1.5-py2.py3-none-musllinux_1_2_s390x.whl", hash = "sha256:86838932bcbfebdb4c900ea9e7c4dc4356a56aa75990c38065863c82c0d5e39f", size = 3217256, upload-time = "2026-05-06T13:12:13.252Z" },
    { url = "https://files.pythonhosted.org/packages/f7/eb/a1fa659d85d9b40eee594bfd2be7ddaf05e0296788ee2955473ef1e7bb38/clang_format-22.1.5-py2.py3-none-musllinux_1_2_x86_64.whl", hash = "sha256:5028f730a1acd0a2ff5fde309c3a064b2f8375caa664e57ff99c69a524d6cfd2", size = 2848433, upload-time = "2026-05-06T13:12:15.421Z" },
    { url = "https://files.pythonhosted.org/packages/c0/f7/f6c94ec536b6ada3dd23e0b49e691c80991dc5de89a5152b1ea2ed14c20b/clang_format-22.1.5-py2.py3-none-win32.whl", hash = "sha256:c1c2c4b9c9b7fba124c1b60647706ac6d4950e52830303951e7004403bb07006", size = 1299262, upload-time = "2026-05-06T13:12:17.449Z" },
    { url = "https://files.pythonhosted.org/packages/79/62/96fb942f00a39f93aeedf8ab5a16b2b42688bdc7ca7ec94714502b787c0e/clang_format-22.1.5-py2.py3-none-win_amd64.whl", hash = "sha256:0393ce061bf7bd7e7ce349fc758a05f9ce604d8653e23b47f24322fb4843074c", size = 1460369, upload-time = "2026-05-06T13:12:19.016Z" },
    { url = "https://files.pythonhosted.org/packages/ce/2d/35c5301c6d04f4babf218ad9716c061abebb8a56a1bbad167a86dfe966d3/clang_format-22.1.5-py2.py3-none-win_arm64.whl", hash = "sha256:4f5ac3b91bb5700c43cb96beb32e360a5aa6a7f94105d7900054f6496554d9b9", size = 1344987, upload-time = "2026-05-06T13:12:20.88Z" },
]

[[package]]
name = "cmake-format"
version = "0.6.13"
source = { registry = "https://pypi.org/simple" }
dependencies = [
    { name = "cmakelang" },
]
sdist = { url = "https://files.pythonhosted.org/packages/5d/3e/f1a7388ce2528b69fbfce9691e5c97f1b2b2b83c25711e0627c3e8f99e58/cmake-format-0.6.13.tar.gz", hash = "sha256:1a48b779067ecca68c498691d07d5c9d3df9803a7e0c5b641128fa6efe5ae489", size = 10484, upload-time = "2020-08-19T17:15:26.286Z" }
wheels = [
    { url = "https://files.pythonhosted.org/packages/4a/40/0ca7c62dc4b9af58ca32da8e6d87ee222f5bb551c17ef22900b2f81b998e/cmake_format-0.6.13-py3-none-any.whl", hash = "sha256:ec7ed949101e5f0b7bc19317d122b83ccbc28fd766c41c93094845719667c56e", size = 19725, upload-time = "2020-08-19T17:15:24.23Z" },
]

[[package]]
name = "cmakelang"
version = "0.6.13"
source = { registry = "https://pypi.org/simple" }
dependencies = [
    { name = "six" },
]
sdist = { url = "https://files.pythonhosted.org/packages/74/c0/75d4806cf21dcb4198e9fba02f4d2fa61c8db919b7db788862d9cd5f4433/cmakelang-0.6.13.tar.gz", hash = "sha256:03982e87b00654d024d73ef972d9d9bb0e5726cdb6b8a424a15661fb6278e67f", size = 123111, upload-time = "2020-08-19T17:15:25.44Z" }
wheels = [
    { url = "https://files.pythonhosted.org/packages/86/a8/c4676cac062d133c6b909d7def80a3194162597968953a3291b309878721/cmakelang-0.6.13-py3-none-any.whl", hash = "sha256:764b9467195c7c36453d60a829f30229720d26c7dffd41cb516b99bd9c7daf4e", size = 159803, upload-time = "2020-08-19T17:15:23.981Z" },
]

[[package]]
name = "colorama"
version = "0.4.6"
source = { registry = "https://pypi.org/simple" }
sdist = { url = "https://files.pythonhosted.org/packages/d8/53/6f443c9a4a8358a93a6792e2acffb9d9d5cb0a5cfd8802644b7b1c9a02e4/colorama-0.4.6.tar.gz", hash = "sha256:08695f5cb7ed6e0531a20572697297273c47b8cae5a63ffc6d6ed5c201be6e44", size = 27697, upload-time = "2022-10-25T02:36:22.414Z" }
wheels = [
    { url = "https://files.pythonhosted.org/packages/d1/d6/3965ed04c63042e047cb6a3e6ed1a63a35087b6a609aa3a15ed8ac56c221/colorama-0.4.6-py2.py3-none-any.whl", hash = "sha256:4f1d9991f5acc0ca119f9d443620b77f9d6b33703e51011c16baf57afb285fc6", size = 25335, upload-time = "2022-10-25T02:36:20.889Z" },
]

[[package]]
name = "distlib"
version = "0.4.0"
source = { registry = "https://pypi.org/simple" }
sdist = { url = "https://files.pythonhosted.org/packages/96/8e/709914eb2b5749865801041647dc7f4e6d00b549cfe88b65ca192995f07c/distlib-0.4.0.tar.gz", hash = "sha256:feec40075be03a04501a973d81f633735b4b69f98b05450592310c0f401a4e0d", size = 614605, upload-time = "2025-07-17T16:52:00.465Z" }
wheels = [
    { url = "https://files.pythonhosted.org/packages/33/6b/e0547afaf41bf2c42e52430072fa5658766e3d65bd4b03a563d1b6336f57/distlib-0.4.0-py2.py3-none-any.whl", hash = "sha256:9659f7d87e46584a30b5780e43ac7a2143098441670ff0a49d5f9034c54a6c16", size = 469047, upload-time = "2025-07-17T16:51:58.613Z" },
]

[[package]]
name = "filelock"
version = "3.29.0"
source = { registry = "https://pypi.org/simple" }
sdist = { url = "https://files.pythonhosted.org/packages/b5/fe/997687a931ab51049acce6fa1f23e8f01216374ea81374ddee763c493db5/filelock-3.29.0.tar.gz", hash = "sha256:69974355e960702e789734cb4871f884ea6fe50bd8404051a3530bc07809cf90", size = 57571, upload-time = "2026-04-19T15:39:10.068Z" }
wheels = [
    { url = "https://files.pythonhosted.org/packages/81/47/dd9a212ef6e343a6857485ffe25bba537304f1913bdbed446a23f7f592e1/filelock-3.29.0-py3-none-any.whl", hash = "sha256:96f5f6344709aa1572bbf631c640e4ebeeb519e08da902c39a001882f30ac258", size = 39812, upload-time = "2026-04-19T15:39:08.752Z" },
]

[[package]]
name = "identify"
version = "2.6.19"
source = { registry = "https://pypi.org/simple" }
sdist = { url = "https://files.pythonhosted.org/packages/52/63/51723b5f116cc04b061cb6f5a561790abf249d25931d515cd375e063e0f4/identify-2.6.19.tar.gz", hash = "sha256:6be5020c38fcb07da56c53733538a3081ea5aa70d36a156f83044bfbf9173842", size = 99567, upload-time = "2026-04-17T18:39:50.265Z" }
wheels = [
    { url = "https://files.pythonhosted.org/packages/94/84/d9273cd09688070a6523c4aee4663a8538721b2b755c4962aafae0011e72/identify-2.6.19-py2.py3-none-any.whl", hash = "sha256:20e6a87f786f768c092a721ad107fc9df0eb89347be9396cadf3f4abbd1fb78a", size = 99397, upload-time = "2026-04-17T18:39:49.221Z" },
]

[[package]]
name = "iniconfig"
version = "2.3.0"
source = { registry = "https://pypi.org/simple" }
sdist = { url = "https://files.pythonhosted.org/packages/72/34/14ca021ce8e5dfedc35312d08ba8bf51fdd999c576889fc2c24cb97f4f10/iniconfig-2.3.0.tar.gz", hash = "sha256:c76315c77db068650d49c5b56314774a7804df16fee4402c1f19d6d15d8c4730", size = 20503, upload-time = "2025-10-18T21:55:43.219Z" }
wheels = [
    { url = "https://files.pythonhosted.org/packages/cb/b1/3846dd7f199d53cb17f49cba7e651e9ce294d8497c8c150530ed11865bb8/iniconfig-2.3.0-py3-none-any.whl", hash = "sha256:f631c04d2c48c52b84d0d0549c99ff3859c98df65b3101406327ecc7d53fbf12", size = 7484, upload-time = "2025-10-18T21:55:41.639Z" },
]

[[package]]
name = "jinja2"
version = "3.1.6"
source = { registry = "https://pypi.org/simple" }
dependencies = [
    { name = "markupsafe" },
]
sdist = { url = "https://files.pythonhosted.org/packages/df/bf/f7da0350254c0ed7c72f3e33cef02e048281fec7ecec5f032d4aac52226b/jinja2-3.1.6.tar.gz", hash = "sha256:0137fb05990d35f1275a587e9aee6d56da821fc83491a0fb838183be43f66d6d", size = 245115, upload-time = "2025-03-05T20:05:02.478Z" }
wheels = [
    { url = "https://files.pythonhosted.org/packages/62/a1/3d680cbfd5f4b8f15abc1d571870c5fc3e594bb582bc3b64ea099db13e56/jinja2-3.1.6-py3-none-any.whl", hash = "sha256:85ece4451f492d0c13c5dd7c13a64681a86afae63a5f347908daf103ce6d2f67", size = 134899, upload-time = "2025-03-05T20:05:00.369Z" },
]

[[package]]
name = "libclang"
version = "18.1.1"
source = { registry = "https://pypi.org/simple" }
sdist = { url = "https://files.pythonhosted.org/packages/6e/5c/ca35e19a4f142adffa27e3d652196b7362fa612243e2b916845d801454fc/libclang-18.1.1.tar.gz", hash = "sha256:a1214966d08d73d971287fc3ead8dfaf82eb07fb197680d8b3859dbbbbf78250", size = 39612, upload-time = "2024-03-17T16:04:37.434Z" }
wheels = [
    { url = "https://files.pythonhosted.org/packages/4b/49/f5e3e7e1419872b69f6f5e82ba56e33955a74bd537d8a1f5f1eff2f3668a/libclang-18.1.1-1-py2.py3-none-macosx_11_0_arm64.whl", hash = "sha256:0b2e143f0fac830156feb56f9231ff8338c20aecfe72b4ffe96f19e5a1dbb69a", size = 25836045, upload-time = "2024-06-30T17:40:31.646Z" },
    { url = "https://files.pythonhosted.org/packages/e2/e5/fc61bbded91a8830ccce94c5294ecd6e88e496cc85f6704bf350c0634b70/libclang-18.1.1-py2.py3-none-macosx_10_9_x86_64.whl", hash = "sha256:6f14c3f194704e5d09769108f03185fce7acaf1d1ae4bbb2f30a72c2400cb7c5", size = 26502641, upload-time = "2024-03-18T15:52:26.722Z" },
    { url = "https://files.pythonhosted.org/packages/db/ed/1df62b44db2583375f6a8a5e2ca5432bbdc3edb477942b9b7c848c720055/libclang-18.1.1-py2.py3-none-macosx_11_0_arm64.whl", hash = "sha256:83ce5045d101b669ac38e6da8e58765f12da2d3aafb3b9b98d88b286a60964d8", size = 26420207, upload-time = "2024-03-17T15:00:26.63Z" },
    { url = "https://files.pythonhosted.org/packages/1d/fc/716c1e62e512ef1c160e7984a73a5fc7df45166f2ff3f254e71c58076f7c/libclang-18.1.1-py2.py3-none-manylinux2010_x86_64.whl", hash = "sha256:c533091d8a3bbf7460a00cb6c1a71da93bffe148f172c7d03b1c31fbf8aa2a0b", size = 24515943, upload-time = "2024-03-17T16:03:45.942Z" },
    { url = "https://files.pythonhosted.org/packages/3c/3d/f0ac1150280d8d20d059608cf2d5ff61b7c3b7f7bcf9c0f425ab92df769a/libclang-18.1.1-py2.py3-none-manylinux2014_aarch64.whl", hash = "sha256:54dda940a4a0491a9d1532bf071ea3ef26e6dbaf03b5000ed94dd7174e8f9592", size = 23784972, upload-time = "2024-03-17T16:12:47.677Z" },
    { url = "https://files.pythonhosted.org/packages/fe/2f/d920822c2b1ce9326a4c78c0c2b4aa3fde610c7ee9f631b600acb5376c26/libclang-18.1.1-py2.py3-none-manylinux2014_armv7l.whl", hash = "sha256:cf4a99b05376513717ab5d82a0db832c56ccea4fd61a69dbb7bccf2dfb207dbe", size = 20259606, upload-time = "2024-03-17T16:17:42.437Z" },
    { url = "https://files.pythonhosted.org/packages/2d/c2/de1db8c6d413597076a4259cea409b83459b2db997c003578affdd32bf66/libclang-18.1.1-py2.py3-none-musllinux_1_2_x86_64.whl", hash = "sha256:69f8eb8f65c279e765ffd28aaa7e9e364c776c17618af8bff22a8df58677ff4f", size = 24921494, upload-time = "2024-03-17T16:14:20.132Z" },
    { url = "https://files.pythonhosted.org/packages/0b/2d/3f480b1e1d31eb3d6de5e3ef641954e5c67430d5ac93b7fa7e07589576c7/libclang-18.1.1-py2.py3-none-win_amd64.whl", hash = "sha256:4dd2d3b82fab35e2bf9ca717d7b63ac990a3519c7e312f19fa8e86dcc712f7fb", size = 26415083, upload-time = "2024-03-17T16:42:21.703Z" },
    { url = "https://files.pythonhosted.org/packages/71/cf/e01dc4cc79779cd82d77888a88ae2fa424d93b445ad4f6c02bfc18335b70/libclang-18.1.1-py2.py3-none-win_arm64.whl", hash = "sha256:3f0e1f49f04d3cd198985fea0511576b0aee16f9ff0e0f0cad7f9c57ec3c20e8", size = 22361112, upload-time = "2024-03-17T16:42:59.565Z" },
]

[[package]]
name = "markupsafe"
version = "3.0.3"
source = { registry = "https://pypi.org/simple" }
sdist = { url = "https://files.pythonhosted.org/packages/7e/99/7690b6d4034fffd95959cbe0c02de8deb3098cc577c67bb6a24fe5d7caa7/markupsafe-3.0.3.tar.gz", hash = "sha256:722695808f4b6457b320fdc131280796bdceb04ab50fe1795cd540799ebe1698", size = 80313, upload-time = "2025-09-27T18:37:40.426Z" }
wheels = [
    { url = "https://files.pythonhosted.org/packages/5a/72/147da192e38635ada20e0a2e1a51cf8823d2119ce8883f7053879c2199b5/markupsafe-3.0.3-cp312-cp312-macosx_10_13_x86_64.whl", hash = "sha256:d53197da72cc091b024dd97249dfc7794d6a56530370992a5e1a08983ad9230e", size = 11615, upload-time = "2025-09-27T18:36:30.854Z" },
    { url = "https://files.pythonhosted.org/packages/9a/81/7e4e08678a1f98521201c3079f77db69fb552acd56067661f8c2f534a718/markupsafe-3.0.3-cp312-cp312-macosx_11_0_arm64.whl", hash = "sha256:1872df69a4de6aead3491198eaf13810b565bdbeec3ae2dc8780f14458ec73ce", size = 12020, upload-time = "2025-09-27T18:36:31.971Z" },
    { url = "https://files.pythonhosted.org/packages/1e/2c/799f4742efc39633a1b54a92eec4082e4f815314869865d876824c257c1e/markupsafe-3.0.3-cp312-cp312-manylinux2014_aarch64.manylinux_2_17_aarch64.manylinux_2_28_aarch64.whl", hash = "sha256:3a7e8ae81ae39e62a41ec302f972ba6ae23a5c5396c8e60113e9066ef893da0d", size = 24332, upload-time = "2025-09-27T18:36:32.813Z" },
    { url = "https://files.pythonhosted.org/packages/3c/2e/8d0c2ab90a8c1d9a24f0399058ab8519a3279d1bd4289511d74e909f060e/markupsafe-3.0.3-cp312-cp312-manylinux2014_x86_64.manylinux_2_17_x86_64.manylinux_2_28_x86_64.whl", hash = "sha256:d6dd0be5b5b189d31db7cda48b91d7e0a9795f31430b7f271219ab30f1d3ac9d", size = 22947, upload-time = "2025-09-27T18:36:33.86Z" },
    { url = "https://files.pythonhosted.org/packages/2c/54/887f3092a85238093a0b2154bd629c89444f395618842e8b0c41783898ea/markupsafe-3.0.3-cp312-cp312-manylinux_2_31_riscv64.manylinux_2_39_riscv64.whl", hash = "sha256:94c6f0bb423f739146aec64595853541634bde58b2135f27f61c1ffd1cd4d16a", size = 21962, upload-time = "2025-09-27T18:36:35.099Z" },
    { url = "https://files.pythonhosted.org/packages/c9/2f/336b8c7b6f4a4d95e91119dc8521402461b74a485558d8f238a68312f11c/markupsafe-3.0.3-cp312-cp312-musllinux_1_2_aarch64.whl", hash = "sha256:be8813b57049a7dc738189df53d69395eba14fb99345e0a5994914a3864c8a4b", size = 23760, upload-time = "2025-09-27T18:36:36.001Z" },
    { url = "https://files.pythonhosted.org/packages/32/43/67935f2b7e4982ffb50a4d169b724d74b62a3964bc1a9a527f5ac4f1ee2b/markupsafe-3.0.3-cp312-cp312-musllinux_1_2_riscv64.whl", hash = "sha256:83891d0e9fb81a825d9a6d61e3f07550ca70a076484292a70fde82c4b807286f", size = 21529, upload-time = "2025-09-27T18:36:36.906Z" },
    { url = "https://files.pythonhosted.org/packages/89/e0/4486f11e51bbba8b0c041098859e869e304d1c261e59244baa3d295d47b7/markupsafe-3.0.3-cp312-cp312-musllinux_1_2_x86_64.whl", hash = "sha256:77f0643abe7495da77fb436f50f8dab76dbc6e5fd25d39589a0f1fe6548bfa2b", size = 23015, upload-time = "2025-09-27T18:36:37.868Z" },
    { url = "https://files.pythonhosted.org/packages/2f/e1/78ee7a023dac597a5825441ebd17170785a9dab23de95d2c7508ade94e0e/markupsafe-3.0.3-cp312-cp312-win32.whl", hash = "sha256:d88b440e37a16e651bda4c7c2b930eb586fd15ca7406cb39e211fcff3bf3017d", size = 14540, upload-time = "2025-09-27T18:36:38.761Z" },
    { url = "https://files.pythonhosted.org/packages/aa/5b/bec5aa9bbbb2c946ca2733ef9c4ca91c91b6a24580193e891b5f7dbe8e1e/markupsafe-3.0.3-cp312-cp312-win_amd64.whl", hash = "sha256:26a5784ded40c9e318cfc2bdb30fe164bdb8665ded9cd64d500a34fb42067b1c", size = 15105, upload-time = "2025-09-27T18:36:39.701Z" },
    { url = "https://files.pythonhosted.org/packages/e5/f1/216fc1bbfd74011693a4fd837e7026152e89c4bcf3e77b6692fba9923123/markupsafe-3.0.3-cp312-cp312-win_arm64.whl", hash = "sha256:35add3b638a5d900e807944a078b51922212fb3dedb01633a8defc4b01a3c85f", size = 13906, upload-time = "2025-09-27T18:36:40.689Z" },
]

[[package]]
name = "nodeenv"
version = "1.10.0"
source = { registry = "https://pypi.org/simple" }
sdist = { url = "https://files.pythonhosted.org/packages/24/bf/d1bda4f6168e0b2e9e5958945e01910052158313224ada5ce1fb2e1113b8/nodeenv-1.10.0.tar.gz", hash = "sha256:996c191ad80897d076bdfba80a41994c2b47c68e224c542b48feba42ba00f8bb", size = 55611, upload-time = "2025-12-20T14:08:54.006Z" }
wheels = [
    { url = "https://files.pythonhosted.org/packages/88/b2/d0896bdcdc8d28a7fc5717c305f1a861c26e18c05047949fb371034d98bd/nodeenv-1.10.0-py2.py3-none-any.whl", hash = "sha256:5bb13e3eed2923615535339b3c620e76779af4cb4c6a90deccc9e36b274d3827", size = 23438, upload-time = "2025-12-20T14:08:52.782Z" },
]

[[package]]
name = "packaging"
version = "26.2"
source = { registry = "https://pypi.org/simple" }
sdist = { url = "https://files.pythonhosted.org/packages/d7/f1/e7a6dd94a8d4a5626c03e4e99c87f241ba9e350cd9e6d75123f992427270/packaging-26.2.tar.gz", hash = "sha256:ff452ff5a3e828ce110190feff1178bb1f2ea2281fa2075aadb987c2fb221661", size = 228134, upload-time = "2026-04-24T20:15:23.917Z" }
wheels = [
    { url = "https://files.pythonhosted.org/packages/df/b2/87e62e8c3e2f4b32e5fe99e0b86d576da1312593b39f47d8ceef365e95ed/packaging-26.2-py3-none-any.whl", hash = "sha256:5fc45236b9446107ff2415ce77c807cee2862cb6fac22b8a73826d0693b0980e", size = 100195, upload-time = "2026-04-24T20:15:22.081Z" },
]

[[package]]
name = "platformdirs"
version = "4.9.6"
source = { registry = "https://pypi.org/simple" }
sdist = { url = "https://files.pythonhosted.org/packages/9f/4a/0883b8e3802965322523f0b200ecf33d31f10991d0401162f4b23c698b42/platformdirs-4.9.6.tar.gz", hash = "sha256:3bfa75b0ad0db84096ae777218481852c0ebc6c727b3168c1b9e0118e458cf0a", size = 29400, upload-time = "2026-04-09T00:04:10.812Z" }
wheels = [
    { url = "https://files.pythonhosted.org/packages/75/a6/a0a304dc33b49145b21f4808d763822111e67d1c3a32b524a1baf947b6e1/platformdirs-4.9.6-py3-none-any.whl", hash = "sha256:e61adb1d5e5cb3441b4b7710bea7e4c12250ca49439228cc1021c00dcfac0917", size = 21348, upload-time = "2026-04-09T00:04:09.463Z" },
]

[[package]]
name = "pluggy"
version = "1.6.0"
source = { registry = "https://pypi.org/simple" }
sdist = { url = "https://files.pythonhosted.org/packages/f9/e2/3e91f31a7d2b083fe6ef3fa267035b518369d9511ffab804f839851d2779/pluggy-1.6.0.tar.gz", hash = "sha256:7dcc130b76258d33b90f61b658791dede3486c3e6bfb003ee5c9bfb396dd22f3", size = 69412, upload-time = "2025-05-15T12:30:07.975Z" }
wheels = [
    { url = "https://files.pythonhosted.org/packages/54/20/4d324d65cc6d9205fabedc306948156824eb9f0ee1633355a8f7ec5c66bf/pluggy-1.6.0-py3-none-any.whl", hash = "sha256:e920276dd6813095e9377c0bc5566d94c932c33b27a3e3945d8389c374dd4746", size = 20538, upload-time = "2025-05-15T12:30:06.134Z" },
]

[[package]]
name = "pre-commit"
version = "4.6.0"
source = { registry = "https://pypi.org/simple" }
dependencies = [
    { name = "cfgv" },
    { name = "identify" },
    { name = "nodeenv" },
    { name = "pyyaml" },
    { name = "virtualenv" },
]
sdist = { url = "https://files.pythonhosted.org/packages/8e/22/2de9408ac81acbb8a7d05d4cc064a152ccf33b3d480ebe0cd292153db239/pre_commit-4.6.0.tar.gz", hash = "sha256:718d2208cef53fdc38206e40524a6d4d9576d103eb16f0fec11c875e7716e9d9", size = 198525, upload-time = "2026-04-21T20:31:41.613Z" }
wheels = [
    { url = "https://files.pythonhosted.org/packages/80/6e/4b28b62ecb6aae56769c34a8ff1d661473ec1e9519e2d5f8b2c150086b26/pre_commit-4.6.0-py2.py3-none-any.whl", hash = "sha256:e2cf246f7299edcabcf15f9b0571fdce06058527f0a06535068a86d38089f29b", size = 226472, upload-time = "2026-04-21T20:31:40.092Z" },
]

[[package]]
name = "pygments"
version = "2.20.0"
source = { registry = "https://pypi.org/simple" }
sdist = { url = "https://files.pythonhosted.org/packages/c3/b2/bc9c9196916376152d655522fdcebac55e66de6603a76a02bca1b6414f6c/pygments-2.20.0.tar.gz", hash = "sha256:6757cd03768053ff99f3039c1a36d6c0aa0b263438fcab17520b30a303a82b5f", size = 4955991, upload-time = "2026-03-29T13:29:33.898Z" }
wheels = [
    { url = "https://files.pythonhosted.org/packages/f4/7e/a72dd26f3b0f4f2bf1dd8923c85f7ceb43172af56d63c7383eb62b332364/pygments-2.20.0-py3-none-any.whl", hash = "sha256:81a9e26dd42fd28a23a2d169d86d7ac03b46e2f8b59ed4698fb4785f946d0176", size = 1231151, upload-time = "2026-03-29T13:29:30.038Z" },
]

[[package]]
name = "pyrefly"
version = "0.64.1"
source = { registry = "https://pypi.org/simple" }
sdist = { url = "https://files.pythonhosted.org/packages/a7/13/7f824fa240a7c6b5595defc749d7e0e41c1c7fa2a889f55d5bd7d5cca28c/pyrefly-0.64.1.tar.gz", hash = "sha256:6303095afeedf4a93c7cf5e273ad0ada3d76f3a66b8769e06a6b96f0b2b22a39", size = 5678602, upload-time = "2026-05-08T03:37:53.334Z" }
wheels = [
    { url = "https://files.pythonhosted.org/packages/a4/1a/2a26e0b87942830bb3cdf21e89a6772efadd07ebf1d4f25a05ffc00ab71a/pyrefly-0.64.1-py3-none-macosx_10_12_x86_64.whl", hash = "sha256:df5c1a8edc83483b8fcc662a188ac09a129e1d051c676794ca9ac1005373ae0a", size = 13112175, upload-time = "2026-05-08T03:37:30.448Z" },
    { url = "https://files.pythonhosted.org/packages/5e/c8/625ad5ef423d425498eef4f350fe0a788d3d5403960dac6ff660b5a8edad/pyrefly-0.64.1-py3-none-macosx_11_0_arm64.whl", hash = "sha256:e0388c486816043c745744c7cc7f1215005c3c2d9506c5ee89ebaee013cd62f3", size = 12593929, upload-time = "2026-05-08T03:37:33.23Z" },
    { url = "https://files.pythonhosted.org/packages/9a/9e/0b11aa0d0310f274f41394884d57775d5ac7d36cdb57ba8f030b7dcfae50/pyrefly-0.64.1-py3-none-manylinux_2_17_aarch64.manylinux2014_aarch64.whl", hash = "sha256:da4d384a6466c59ba6bfa46b20f9a9f6b73922aeee43d96c9f89480d5edd3ad9", size = 12986439, upload-time = "2026-05-08T03:37:35.779Z" },
    { url = "https://files.pythonhosted.org/packages/20/be/3f774b450415fffe6ef13d0fcf4e22c733bad7c3d826a54693e17c9ab302/pyrefly-0.64.1-py3-none-manylinux_2_17_i686.manylinux2014_i686.whl", hash = "sha256:52fad756a47c9fc1d912f8564f2afdb816c4d057dfd8f90f07adce52314a5b56", size = 13936843, upload-time = "2026-05-08T03:37:38.203Z" },
    { url = "https://files.pythonhosted.org/packages/c2/ee/e551c0ce512f01ddc09ed4258856ed4513bf49f3749c8c814a5b94ae59a3/pyrefly-0.64.1-py3-none-manylinux_2_17_ppc64le.manylinux2014_ppc64le.whl", hash = "sha256:970a888b37eea53136a364b43e1466179ff8bb383e894c0afec3a3055e15cd9e", size = 13915094, upload-time = "2026-05-08T03:37:40.698Z" },
    { url = "https://files.pythonhosted.org/packages/48/c3/3aed3ff905f82833de7c48d8f9788e8ce9fed57c95bf876eef3cd02c4d29/pyrefly-0.64.1-py3-none-manylinux_2_17_x86_64.manylinux2014_x86_64.whl", hash = "sha256:92ac7078f174a79d489a0d0c43d858523f8e5b95f4981269f2f75c4aaa66be3d", size = 13459840, upload-time = "2026-05-08T03:37:43.245Z" },
    { url = "https://files.pythonhosted.org/packages/b4/ed/aa1dc8b913d416a3c8bffc5485b1efe23c6039ead0dc5a9ad5505bf161ce/pyrefly-0.64.1-py3-none-win32.whl", hash = "sha256:3d16c90365af2f424c6e6a5c87d85ca94e8618ebcb4bf4c910634fd65d32b2e6", size = 12208564, upload-time = "2026-05-08T03:37:45.988Z" },
    { url = "https://files.pythonhosted.org/packages/8c/0c/29dfe1cbcf3b1907558e67a3e4b304af3992933f05e22a596333489d5950/pyrefly-0.64.1-py3-none-win_amd64.whl", hash = "sha256:1fda307ecf414274445108a5df5b58c6fa1702a51b4ee6c1df87efeeb97dec59", size = 13134553, upload-time = "2026-05-08T03:37:48.459Z" },
    { url = "https://files.pythonhosted.org/packages/c2/7c/449407653fe95e3f3a65dd8a54d8729ac0451247489d79d4e07808d73917/pyrefly-0.64.1-py3-none-win_arm64.whl", hash = "sha256:8f83a74c1463842d486d6578a000feccf47cd54d6d7d6628ffe73b1055ca9dce", size = 12528438, upload-time = "2026-05-08T03:37:50.923Z" },
]

[[package]]
name = "pytest"
version = "9.0.3"
source = { registry = "https://pypi.org/simple" }
dependencies = [
    { name = "colorama", marker = "sys_platform == 'win32'" },
    { name = "iniconfig" },
    { name = "packaging" },
    { name = "pluggy" },
    { name = "pygments" },
]
sdist = { url = "https://files.pythonhosted.org/packages/7d/0d/549bd94f1a0a402dc8cf64563a117c0f3765662e2e668477624baeec44d5/pytest-9.0.3.tar.gz", hash = "sha256:b86ada508af81d19edeb213c681b1d48246c1a91d304c6c81a427674c17eb91c", size = 1572165, upload-time = "2026-04-07T17:16:18.027Z" }
wheels = [
    { url = "https://files.pythonhosted.org/packages/d4/24/a372aaf5c9b7208e7112038812994107bc65a84cd00e0354a88c2c77a617/pytest-9.0.3-py3-none-any.whl", hash = "sha256:2c5efc453d45394fdd706ade797c0a81091eccd1d6e4bccfcd476e2b8e0ab5d9", size = 375249, upload-time = "2026-04-07T17:16:16.13Z" },
]

[[package]]
name = "python-discovery"
version = "1.3.0"
source = { registry = "https://pypi.org/simple" }
dependencies = [
    { name = "filelock" },
    { name = "platformdirs" },
]
sdist = { url = "https://files.pythonhosted.org/packages/ae/e0/cc5a8653e9a24f6cf84768f05064aa8ed5a83dcefd5e2a043db14a1c5f44/python_discovery-1.3.0.tar.gz", hash = "sha256:d098f1e86be5d45fe4d14bf1029294aabbd332f4321179dec85e76cddce834b0", size = 63925, upload-time = "2026-05-05T14:38:39.769Z" }
wheels = [
    { url = "https://files.pythonhosted.org/packages/30/d4/24d543ab8b8158b7f5a97113c831205f5c900c92c8762b1e7f44b7ea0405/python_discovery-1.3.0-py3-none-any.whl", hash = "sha256:441d9ced3dfce36e113beb35ca302c71c7ef06f3c0f9c227a0b9bb3bd49b9e9f", size = 33124, upload-time = "2026-05-05T14:38:38.539Z" },
]

[[package]]
name = "pyyaml"
version = "6.0.3"
source = { registry = "https://pypi.org/simple" }
sdist = { url = "https://files.pythonhosted.org/packages/05/8e/961c0007c59b8dd7729d542c61a4d537767a59645b82a0b521206e1e25c2/pyyaml-6.0.3.tar.gz", hash = "sha256:d76623373421df22fb4cf8817020cbb7ef15c725b9d5e45f17e189bfc384190f", size = 130960, upload-time = "2025-09-25T21:33:16.546Z" }
wheels = [
    { url = "https://files.pythonhosted.org/packages/d1/33/422b98d2195232ca1826284a76852ad5a86fe23e31b009c9886b2d0fb8b2/pyyaml-6.0.3-cp312-cp312-macosx_10_13_x86_64.whl", hash = "sha256:7f047e29dcae44602496db43be01ad42fc6f1cc0d8cd6c83d342306c32270196", size = 182063, upload-time = "2025-09-25T21:32:11.445Z" },
    { url = "https://files.pythonhosted.org/packages/89/a0/6cf41a19a1f2f3feab0e9c0b74134aa2ce6849093d5517a0c550fe37a648/pyyaml-6.0.3-cp312-cp312-macosx_11_0_arm64.whl", hash = "sha256:fc09d0aa354569bc501d4e787133afc08552722d3ab34836a80547331bb5d4a0", size = 173973, upload-time = "2025-09-25T21:32:12.492Z" },
    { url = "https://files.pythonhosted.org/packages/ed/23/7a778b6bd0b9a8039df8b1b1d80e2e2ad78aa04171592c8a5c43a56a6af4/pyyaml-6.0.3-cp312-cp312-manylinux2014_aarch64.manylinux_2_17_aarch64.manylinux_2_28_aarch64.whl", hash = "sha256:9149cad251584d5fb4981be1ecde53a1ca46c891a79788c0df828d2f166bda28", size = 775116, upload-time = "2025-09-25T21:32:13.652Z" },
    { url = "https://files.pythonhosted.org/packages/65/30/d7353c338e12baef4ecc1b09e877c1970bd3382789c159b4f89d6a70dc09/pyyaml-6.0.3-cp312-cp312-manylinux2014_s390x.manylinux_2_17_s390x.manylinux_2_28_s390x.whl", hash = "sha256:5fdec68f91a0c6739b380c83b951e2c72ac0197ace422360e6d5a959d8d97b2c", size = 844011, upload-time = "2025-09-25T21:32:15.21Z" },
    { url = "https://files.pythonhosted.org/packages/8b/9d/b3589d3877982d4f2329302ef98a8026e7f4443c765c46cfecc8858c6b4b/pyyaml-6.0.3-cp312-cp312-manylinux2014_x86_64.manylinux_2_17_x86_64.manylinux_2_28_x86_64.whl", hash = "sha256:ba1cc08a7ccde2d2ec775841541641e4548226580ab850948cbfda66a1befcdc", size = 807870, upload-time = "2025-09-25T21:32:16.431Z" },
    { url = "https://files.pythonhosted.org/packages/05/c0/b3be26a015601b822b97d9149ff8cb5ead58c66f981e04fedf4e762f4bd4/pyyaml-6.0.3-cp312-cp312-musllinux_1_2_aarch64.whl", hash = "sha256:8dc52c23056b9ddd46818a57b78404882310fb473d63f17b07d5c40421e47f8e", size = 761089, upload-time = "2025-09-25T21:32:17.56Z" },
    { url = "https://files.pythonhosted.org/packages/be/8e/98435a21d1d4b46590d5459a22d88128103f8da4c2d4cb8f14f2a96504e1/pyyaml-6.0.3-cp312-cp312-musllinux_1_2_x86_64.whl", hash = "sha256:41715c910c881bc081f1e8872880d3c650acf13dfa8214bad49ed4cede7c34ea", size = 790181, upload-time = "2025-09-25T21:32:18.834Z" },
    { url = "https://files.pythonhosted.org/packages/74/93/7baea19427dcfbe1e5a372d81473250b379f04b1bd3c4c5ff825e2327202/pyyaml-6.0.3-cp312-cp312-win32.whl", hash = "sha256:96b533f0e99f6579b3d4d4995707cf36df9100d67e0c8303a0c55b27b5f99bc5", size = 137658, upload-time = "2025-09-25T21:32:20.209Z" },
    { url = "https://files.pythonhosted.org/packages/86/bf/899e81e4cce32febab4fb42bb97dcdf66bc135272882d1987881a4b519e9/pyyaml-6.0.3-cp312-cp312-win_amd64.whl", hash = "sha256:5fcd34e47f6e0b794d17de1b4ff496c00986e1c83f7ab2fb8fcfe9616ff7477b", size = 154003, upload-time = "2025-09-25T21:32:21.167Z" },
    { url = "https://files.pythonhosted.org/packages/1a/08/67bd04656199bbb51dbed1439b7f27601dfb576fb864099c7ef0c3e55531/pyyaml-6.0.3-cp312-cp312-win_arm64.whl", hash = "sha256:64386e5e707d03a7e172c0701abfb7e10f0fb753ee1d773128192742712a98fd", size = 140344, upload-time = "2025-09-25T21:32:22.617Z" },
]

[[package]]
name = "ruff"
version = "0.15.12"
source = { registry = "https://pypi.org/simple" }
sdist = { url = "https://files.pythonhosted.org/packages/99/43/3291f1cc9106f4c63bdce7a8d0df5047fe8422a75b091c16b5e9355e0b11/ruff-0.15.12.tar.gz", hash = "sha256:ecea26adb26b4232c0c2ca19ccbc0083a68344180bba2a600605538ce51a40a6", size = 4643852, upload-time = "2026-04-24T18:17:14.305Z" }
wheels = [
    { url = "https://files.pythonhosted.org/packages/c3/6e/e78ffb61d4686f3d96ba3df2c801161843746dcbcbb17a1e927d4829312b/ruff-0.15.12-py3-none-linux_armv6l.whl", hash = "sha256:f86f176e188e94d6bdbc09f09bfd9dc729059ad93d0e7390b5a73efe19f8861c", size = 10640713, upload-time = "2026-04-24T18:17:22.841Z" },
    { url = "https://files.pythonhosted.org/packages/ae/08/a317bc231fb9e7b93e4ef3089501e51922ff88d6936ce5cf870c4fe55419/ruff-0.15.12-py3-none-macosx_10_12_x86_64.whl", hash = "sha256:e3bcd123364c3770b8e1b7baaf343cc99a35f197c5c6e8af79015c666c423a6c", size = 11069267, upload-time = "2026-04-24T18:17:30.105Z" },
    { url = "https://files.pythonhosted.org/packages/aa/a4/f828e9718d3dce1f5f11c39c4f65afd32783c8b2aebb2e3d259e492c47bd/ruff-0.15.12-py3-none-macosx_11_0_arm64.whl", hash = "sha256:fe87510d000220aa1ed530d4448a7c696a0cae1213e5ec30e5874287b66557b5", size = 10397182, upload-time = "2026-04-24T18:17:07.177Z" },
    { url = "https://files.pythonhosted.org/packages/71/e0/3310fc6d1b5e1fdea22bf3b1b807c7e187b581021b0d7d4514cccdb5fb71/ruff-0.15.12-py3-none-manylinux_2_17_aarch64.manylinux2014_aarch64.whl", hash = "sha256:84a1630093121375a3e2a95b4a6dc7b59e2b4ee76216e32d81aae550a832d002", size = 10758012, upload-time = "2026-04-24T18:16:55.759Z" },
    { url = "https://files.pythonhosted.org/packages/11/c1/a606911aee04c324ddaa883ae418f3569792fd3c4a10c50e0dd0a2311e1e/ruff-0.15.12-py3-none-manylinux_2_17_armv7l.manylinux2014_armv7l.whl", hash = "sha256:fb129f40f114f089ebe0ca56c0d251cf2061b17651d464bb6478dc01e69f11f5", size = 10447479, upload-time = "2026-04-24T18:16:51.677Z" },
    { url = "https://files.pythonhosted.org/packages/9d/68/4201e8444f0894f21ab4aeeaee68aa4f10b51613514a20d80bd628d57e88/ruff-0.15.12-py3-none-manylinux_2_17_i686.manylinux2014_i686.whl", hash = "sha256:b0c862b172d695db7598426b8af465e7e9ac00a3ea2a3630ee67eb82e366aaa6", size = 11234040, upload-time = "2026-04-24T18:17:16.529Z" },
    { url = "https://files.pythonhosted.org/packages/34/ff/8a6d6cf4ccc23fd67060874e832c18919d1557a0611ebef03fdb01fff11e/ruff-0.15.12-py3-none-manylinux_2_17_ppc64le.manylinux2014_ppc64le.whl", hash = "sha256:2849ea9f3484c3aca43a82f484210370319e7170df4dfe4843395ddf6c57bc33", size = 12087377, upload-time = "2026-04-24T18:17:04.944Z" },
    { url = "https://files.pythonhosted.org/packages/85/f6/c669cf73f5152f623d34e69866a46d5e6185816b19fcd5b6dd8a2d299922/ruff-0.15.12-py3-none-manylinux_2_17_s390x.manylinux2014_s390x.whl", hash = "sha256:9e77c7e51c07fe396826d5969a5b846d9cd4c402535835fb6e21ce8b28fef847", size = 11367784, upload-time = "2026-04-24T18:17:25.409Z" },
    { url = "https://files.pythonhosted.org/packages/e8/39/c61d193b8a1daaa8977f7dea9e8d8ba866e02ea7b65d32f6861693aa4c12/ruff-0.15.12-py3-none-manylinux_2_17_x86_64.manylinux2014_x86_64.whl", hash = "sha256:83b2f4f2f3b1026b5fb449b467d9264bf22067b600f7b6f41fc5958909f449d0", size = 11344088, upload-time = "2026-04-24T18:17:12.258Z" },
    { url = "https://files.pythonhosted.org/packages/c2/8d/49afab3645e31e12c590acb6d3b5b69d7aab5b81926dbaf7461f9441f37a/ruff-0.15.12-py3-none-manylinux_2_31_riscv64.whl", hash = "sha256:9ba3b8f1afd7e2e43d8943e55f249e13f9682fde09711644a6e7290eb4f3e339", size = 11271770, upload-time = "2026-04-24T18:17:02.457Z" },
    { url = "https://files.pythonhosted.org/packages/46/06/33f41fe94403e2b755481cdfb9b7ef3e4e0ed031c4581124658d935d52b4/ruff-0.15.12-py3-none-musllinux_1_2_aarch64.whl", hash = "sha256:e852ba9fdc890655e1d78f2df1499efbe0e54126bd405362154a75e2bde159c5", size = 10719355, upload-time = "2026-04-24T18:17:27.648Z" },
    { url = "https://files.pythonhosted.org/packages/0d/59/18aa4e014debbf559670e4048e39260a85c7fcee84acfd761ac01e7b8d35/ruff-0.15.12-py3-none-musllinux_1_2_armv7l.whl", hash = "sha256:dd8aed930da53780d22fc70bdf84452c843cf64f8cb4eb38984319c24c5cd5fd", size = 10462758, upload-time = "2026-04-24T18:17:32.347Z" },
    { url = "https://files.pythonhosted.org/packages/25/e7/cc9f16fd0f3b5fddcbd7ec3d6ae30c8f3fde1047f32a4093a98d633c6570/ruff-0.15.12-py3-none-musllinux_1_2_i686.whl", hash = "sha256:01da3988d225628b709493d7dc67c3b9b12c0210016b08690ef9bd27970b262b", size = 10953498, upload-time = "2026-04-24T18:17:20.674Z" },
    { url = "https://files.pythonhosted.org/packages/72/7a/a9ba7f98c7a575978698f4230c5e8cc54bbc761af34f560818f933dafa0c/ruff-0.15.12-py3-none-musllinux_1_2_x86_64.whl", hash = "sha256:9cae0f92bd5700d1213188b31cd3bdd2b315361296d10b96b8e2337d3d11f53e", size = 11447765, upload-time = "2026-04-24T18:17:09.755Z" },
    { url = "https://files.pythonhosted.org/packages/ea/f9/0ae446942c846b8266059ad8a30702a35afae55f5cdc54c5adf8d7afdc27/ruff-0.15.12-py3-none-win32.whl", hash = "sha256:d0185894e038d7043ba8fd6aee7499ece6462dc0ea9f1e260c7451807c714c20", size = 10657277, upload-time = "2026-04-24T18:17:18.591Z" },
    { url = "https://files.pythonhosted.org/packages/33/f1/9614e03e1cdcbf9437570b5400ced8a720b5db22b28d8e0f1bda429f660d/ruff-0.15.12-py3-none-win_amd64.whl", hash = "sha256:c87a162d61ab3adca47c03f7f717c68672edec7d1b5499e652331780fe74950d", size = 11837758, upload-time = "2026-04-24T18:17:00.113Z" },
    { url = "https://files.pythonhosted.org/packages/c0/98/6beb4b351e472e5f4c4613f7c35a5290b8be2497e183825310c4c3a3984b/ruff-0.15.12-py3-none-win_arm64.whl", hash = "sha256:a538f7a82d061cee7be55542aca1d86d1393d55d81d4fcc314370f4340930d4f", size = 11120821, upload-time = "2026-04-24T18:16:57.979Z" },
]

[[package]]
name = "six"
version = "1.17.0"
source = { registry = "https://pypi.org/simple" }
sdist = { url = "https://files.pythonhosted.org/packages/94/e7/b2c673351809dca68a0e064b6af791aa332cf192da575fd474ed7d6f16a2/six-1.17.0.tar.gz", hash = "sha256:ff70335d468e7eb6ec65b95b99d3a2836546063f63acc5171de367e834932a81", size = 34031, upload-time = "2024-12-04T17:35:28.174Z" }
wheels = [
    { url = "https://files.pythonhosted.org/packages/b7/ce/149a00dd41f10bc29e5921b496af8b574d8413afcd5e30dfa0ed46c2cc5e/six-1.17.0-py2.py3-none-any.whl", hash = "sha256:4721f391ed90541fddacab5acf947aa0d3dc7d27b2e1e8eda2be8970586c3274", size = 11050, upload-time = "2024-12-04T17:35:26.475Z" },
]

[[package]]
name = "virtualenv"
version = "21.3.1"
source = { registry = "https://pypi.org/simple" }
dependencies = [
    { name = "distlib" },
    { name = "filelock" },
    { name = "platformdirs" },
    { name = "python-discovery" },
]
sdist = { url = "https://files.pythonhosted.org/packages/ec/0d/915c02c94d207b85580eb09bffab54438a709e7288524094fe781da526c2/virtualenv-21.3.1.tar.gz", hash = "sha256:c2305bc1fddeec40699b8370d13f8d431b0701f00ce895061ce493aeded4426b", size = 7613791, upload-time = "2026-05-05T01:34:31.402Z" }
wheels = [
    { url = "https://files.pythonhosted.org/packages/b1/4f/f71e641e504111a5a74e3a20bc52d01bd86788b22699dd3fee1c63253cf6/virtualenv-21.3.1-py3-none-any.whl", hash = "sha256:d1a71cf58f2f9228fff23a1f6ec15d39785c6b32e03658d104974247145edd35", size = 7594539, upload-time = "2026-05-05T01:34:28.98Z" },
]

[[package]]
name = "xyz-cppmodel"
version = "0.0.1"
source = { git = "https://github.com/jbcoe/py_cppmodel.git?rev=eeb0921173dcde828eeb3940d1fdd4f64eaf7e6d#eeb0921173dcde828eeb3940d1fdd4f64eaf7e6d" }
dependencies = [
    { name = "clang" },
    { name = "libclang" },
]
